// !$*UTF8*$!
{
	archiveVersion = 1;
	classes = {
	};
	objectVersion = 46;
	objects = {

/* Begin PBXBuildFile section */
		2525504C1D71324D0096168C /* AppDelegateEx.swift in Sources */ = {isa = PBXBuildFile; fileRef = 2525504B1D71324D0096168C /* AppDelegateEx.swift */; };
		25B335F21D71404100DC0F5F /* R.generated.swift in Sources */ = {isa = PBXBuildFile; fileRef = 25B335F11D71404100DC0F5F /* R.generated.swift */; };
		25B335F41D71503000DC0F5F /* BaseViewEx.swift in Sources */ = {isa = PBXBuildFile; fileRef = 25B335F31D71503000DC0F5F /* BaseViewEx.swift */; };
		25B335F61D7153AA00DC0F5F /* NSThraedEx.swift in Sources */ = {isa = PBXBuildFile; fileRef = 25B335F51D7153AA00DC0F5F /* NSThraedEx.swift */; };
		25B335F81D7154EC00DC0F5F /* GCD.swift in Sources */ = {isa = PBXBuildFile; fileRef = 25B335F71D7154EC00DC0F5F /* GCD.swift */; };
		25B3363E1D73226A00DC0F5F /* LoginViewController.swift in Sources */ = {isa = PBXBuildFile; fileRef = 25B3363D1D73226A00DC0F5F /* LoginViewController.swift */; };
		25B336401D73227800DC0F5F /* RegisterViewController.swift in Sources */ = {isa = PBXBuildFile; fileRef = 25B3363F1D73227800DC0F5F /* RegisterViewController.swift */; };
		25B336421D73351F00DC0F5F /* NavLauncherViewController.swift in Sources */ = {isa = PBXBuildFile; fileRef = 25B336411D73351F00DC0F5F /* NavLauncherViewController.swift */; };
		25B336451D73DE1000DC0F5F /* UIButton+AutoSize.swift in Sources */ = {isa = PBXBuildFile; fileRef = 25B336441D73DE1000DC0F5F /* UIButton+AutoSize.swift */; };
		25B336471D73DE2500DC0F5F /* UILabel+AutoSize.swift in Sources */ = {isa = PBXBuildFile; fileRef = 25B336461D73DE2500DC0F5F /* UILabel+AutoSize.swift */; };
		25B336491D73DE4500DC0F5F /* UITextField+AutoSize.swift in Sources */ = {isa = PBXBuildFile; fileRef = 25B336481D73DE4500DC0F5F /* UITextField+AutoSize.swift */; };
		25B3364C1D7409AB00DC0F5F /* JHProgressHUD.swift in Sources */ = {isa = PBXBuildFile; fileRef = 25B3364B1D7409AB00DC0F5F /* JHProgressHUD.swift */; };
		25B336621D74249100DC0F5F /* FrameView.swift in Sources */ = {isa = PBXBuildFile; fileRef = 25B336521D74249100DC0F5F /* FrameView.swift */; };
		25B336631D74249100DC0F5F /* HUD.swift in Sources */ = {isa = PBXBuildFile; fileRef = 25B336531D74249100DC0F5F /* HUD.swift */; };
		25B336641D74249100DC0F5F /* PKHUD.swift in Sources */ = {isa = PBXBuildFile; fileRef = 25B336541D74249100DC0F5F /* PKHUD.swift */; };
		25B336651D74249100DC0F5F /* PKHUDAnimating.swift in Sources */ = {isa = PBXBuildFile; fileRef = 25B336551D74249100DC0F5F /* PKHUDAnimating.swift */; };
		25B336661D74249100DC0F5F /* PKHUDAnimation.swift in Sources */ = {isa = PBXBuildFile; fileRef = 25B336561D74249100DC0F5F /* PKHUDAnimation.swift */; };
		25B336671D74249100DC0F5F /* PKHUDAssets.swift in Sources */ = {isa = PBXBuildFile; fileRef = 25B336571D74249100DC0F5F /* PKHUDAssets.swift */; };
		25B336681D74249100DC0F5F /* PKHUDErrorView.swift in Sources */ = {isa = PBXBuildFile; fileRef = 25B336581D74249100DC0F5F /* PKHUDErrorView.swift */; };
		25B336691D74249100DC0F5F /* PKHUDProgressView.swift in Sources */ = {isa = PBXBuildFile; fileRef = 25B336591D74249100DC0F5F /* PKHUDProgressView.swift */; };
		25B3366A1D74249100DC0F5F /* PKHUDRotatingImageView.swift in Sources */ = {isa = PBXBuildFile; fileRef = 25B3365A1D74249100DC0F5F /* PKHUDRotatingImageView.swift */; };
		25B3366B1D74249100DC0F5F /* PKHUDSquareBaseView.swift in Sources */ = {isa = PBXBuildFile; fileRef = 25B3365B1D74249100DC0F5F /* PKHUDSquareBaseView.swift */; };
		25B3366C1D74249100DC0F5F /* PKHUDSuccessView.swift in Sources */ = {isa = PBXBuildFile; fileRef = 25B3365C1D74249100DC0F5F /* PKHUDSuccessView.swift */; };
		25B3366D1D74249100DC0F5F /* PKHUDSystemActivityIndicatorView.swift in Sources */ = {isa = PBXBuildFile; fileRef = 25B3365D1D74249100DC0F5F /* PKHUDSystemActivityIndicatorView.swift */; };
		25B3366E1D74249100DC0F5F /* PKHUDTextView.swift in Sources */ = {isa = PBXBuildFile; fileRef = 25B3365E1D74249100DC0F5F /* PKHUDTextView.swift */; };
		25B3366F1D74249100DC0F5F /* PKHUDWideBaseView.swift in Sources */ = {isa = PBXBuildFile; fileRef = 25B3365F1D74249100DC0F5F /* PKHUDWideBaseView.swift */; };
		25B336701D74249100DC0F5F /* Window.swift in Sources */ = {isa = PBXBuildFile; fileRef = 25B336601D74249100DC0F5F /* Window.swift */; };
		25B336711D74249100DC0F5F /* WindowRootViewController.swift in Sources */ = {isa = PBXBuildFile; fileRef = 25B336611D74249100DC0F5F /* WindowRootViewController.swift */; };
		25DC457F1D68AC000084A85A /* AppDelegate.swift in Sources */ = {isa = PBXBuildFile; fileRef = 25DC457E1D68AC000084A85A /* AppDelegate.swift */; };
		25DC45811D68AC000084A85A /* MainViewController.swift in Sources */ = {isa = PBXBuildFile; fileRef = 25DC45801D68AC000084A85A /* MainViewController.swift */; };
		25DC45841D68AC000084A85A /* Main.storyboard in Resources */ = {isa = PBXBuildFile; fileRef = 25DC45821D68AC000084A85A /* Main.storyboard */; };
		25DC45861D68AC000084A85A /* Assets.xcassets in Resources */ = {isa = PBXBuildFile; fileRef = 25DC45851D68AC000084A85A /* Assets.xcassets */; };
		25DC45941D68AC000084A85A /* AIOwnDemoTests.swift in Sources */ = {isa = PBXBuildFile; fileRef = 25DC45931D68AC000084A85A /* AIOwnDemoTests.swift */; };
		25DC459F1D68AC000084A85A /* AIOwnDemoUITests.swift in Sources */ = {isa = PBXBuildFile; fileRef = 25DC459E1D68AC000084A85A /* AIOwnDemoUITests.swift */; };
		25DC45B11D68BACD0084A85A /* GuidePageViewController.swift in Sources */ = {isa = PBXBuildFile; fileRef = 25DC45B01D68BACD0084A85A /* GuidePageViewController.swift */; };
		25DC45B31D693FBF0084A85A /* Guide2PageViewcontroller.swift in Sources */ = {isa = PBXBuildFile; fileRef = 25DC45B21D693FBF0084A85A /* Guide2PageViewcontroller.swift */; };
		25DC45B51D694F730084A85A /* LaunchScreen.storyboard in Resources */ = {isa = PBXBuildFile; fileRef = 25DC45B41D694F730084A85A /* LaunchScreen.storyboard */; };
		25DC45B71D695DD10084A85A /* RUIButton.swift in Sources */ = {isa = PBXBuildFile; fileRef = 25DC45B61D695DD10084A85A /* RUIButton.swift */; };
		25DC45B91D696DD30084A85A /* LastViewController.swift in Sources */ = {isa = PBXBuildFile; fileRef = 25DC45B81D696DD30084A85A /* LastViewController.swift */; };
		25DC45BD1D69937A0084A85A /* TestViewController.swift in Sources */ = {isa = PBXBuildFile; fileRef = 25DC45BC1D69937A0084A85A /* TestViewController.swift */; };
		25DC45C31D69C0900084A85A /* LauncherViewController.swift in Sources */ = {isa = PBXBuildFile; fileRef = 25DC45C21D69C0900084A85A /* LauncherViewController.swift */; };
		25DC45C61D69C6B10084A85A /* Common.swift in Sources */ = {isa = PBXBuildFile; fileRef = 25DC45C51D69C6B10084A85A /* Common.swift */; };
		25DC46091D69F2510084A85A /* ArchiverUtils.swift in Sources */ = {isa = PBXBuildFile; fileRef = 25DC46081D69F2510084A85A /* ArchiverUtils.swift */; };
		25DC460B1D69F5B70084A85A /* ArchiverPath.swift in Sources */ = {isa = PBXBuildFile; fileRef = 25DC460A1D69F5B70084A85A /* ArchiverPath.swift */; };
		25DC460D1D69F6790084A85A /* NeedGuideBean.swift in Sources */ = {isa = PBXBuildFile; fileRef = 25DC460C1D69F6790084A85A /* NeedGuideBean.swift */; };
		9873FE1E8E57F19C5DA63155 /* Pods_AIOwnDemo.framework in Frameworks */ = {isa = PBXBuildFile; fileRef = 365C932E6C2269F36EA69A62 /* Pods_AIOwnDemo.framework */; };
/* End PBXBuildFile section */

/* Begin PBXContainerItemProxy section */
		25DC45901D68AC000084A85A /* PBXContainerItemProxy */ = {
			isa = PBXContainerItemProxy;
			containerPortal = 25DC45731D68AC000084A85A /* Project object */;
			proxyType = 1;
			remoteGlobalIDString = 25DC457A1D68AC000084A85A;
			remoteInfo = AIOwnDemo;
		};
		25DC459B1D68AC000084A85A /* PBXContainerItemProxy */ = {
			isa = PBXContainerItemProxy;
			containerPortal = 25DC45731D68AC000084A85A /* Project object */;
			proxyType = 1;
			remoteGlobalIDString = 25DC457A1D68AC000084A85A;
			remoteInfo = AIOwnDemo;
		};
/* End PBXContainerItemProxy section */

/* Begin PBXFileReference section */
		2525504B1D71324D0096168C /* AppDelegateEx.swift */ = {isa = PBXFileReference; fileEncoding = 4; lastKnownFileType = sourcecode.swift; path = AppDelegateEx.swift; sourceTree = "<group>"; };
		25B335F11D71404100DC0F5F /* R.generated.swift */ = {isa = PBXFileReference; fileEncoding = 4; lastKnownFileType = sourcecode.swift; path = R.generated.swift; sourceTree = "<group>"; };
		25B335F31D71503000DC0F5F /* BaseViewEx.swift */ = {isa = PBXFileReference; fileEncoding = 4; lastKnownFileType = sourcecode.swift; path = BaseViewEx.swift; sourceTree = "<group>"; };
		25B335F51D7153AA00DC0F5F /* NSThraedEx.swift */ = {isa = PBXFileReference; fileEncoding = 4; lastKnownFileType = sourcecode.swift; path = NSThraedEx.swift; sourceTree = "<group>"; };
		25B335F71D7154EC00DC0F5F /* GCD.swift */ = {isa = PBXFileReference; fileEncoding = 4; lastKnownFileType = sourcecode.swift; path = GCD.swift; sourceTree = "<group>"; };
		25B3363D1D73226A00DC0F5F /* LoginViewController.swift */ = {isa = PBXFileReference; fileEncoding = 4; lastKnownFileType = sourcecode.swift; path = LoginViewController.swift; sourceTree = "<group>"; };
		25B3363F1D73227800DC0F5F /* RegisterViewController.swift */ = {isa = PBXFileReference; fileEncoding = 4; lastKnownFileType = sourcecode.swift; path = RegisterViewController.swift; sourceTree = "<group>"; };
		25B336411D73351F00DC0F5F /* NavLauncherViewController.swift */ = {isa = PBXFileReference; fileEncoding = 4; lastKnownFileType = sourcecode.swift; path = NavLauncherViewController.swift; sourceTree = "<group>"; };
		25B336441D73DE1000DC0F5F /* UIButton+AutoSize.swift */ = {isa = PBXFileReference; fileEncoding = 4; lastKnownFileType = sourcecode.swift; path = "UIButton+AutoSize.swift"; sourceTree = "<group>"; };
		25B336461D73DE2500DC0F5F /* UILabel+AutoSize.swift */ = {isa = PBXFileReference; fileEncoding = 4; lastKnownFileType = sourcecode.swift; path = "UILabel+AutoSize.swift"; sourceTree = "<group>"; };
		25B336481D73DE4500DC0F5F /* UITextField+AutoSize.swift */ = {isa = PBXFileReference; fileEncoding = 4; lastKnownFileType = sourcecode.swift; path = "UITextField+AutoSize.swift"; sourceTree = "<group>"; };
		25B3364B1D7409AB00DC0F5F /* JHProgressHUD.swift */ = {isa = PBXFileReference; fileEncoding = 4; lastKnownFileType = sourcecode.swift; path = JHProgressHUD.swift; sourceTree = "<group>"; };
		25B336521D74249100DC0F5F /* FrameView.swift */ = {isa = PBXFileReference; fileEncoding = 4; lastKnownFileType = sourcecode.swift; name = FrameView.swift; path = PKHUD/FrameView.swift; sourceTree = "<group>"; };
		25B336531D74249100DC0F5F /* HUD.swift */ = {isa = PBXFileReference; fileEncoding = 4; lastKnownFileType = sourcecode.swift; name = HUD.swift; path = PKHUD/HUD.swift; sourceTree = "<group>"; };
		25B336541D74249100DC0F5F /* PKHUD.swift */ = {isa = PBXFileReference; fileEncoding = 4; lastKnownFileType = sourcecode.swift; name = PKHUD.swift; path = PKHUD/PKHUD.swift; sourceTree = "<group>"; };
		25B336551D74249100DC0F5F /* PKHUDAnimating.swift */ = {isa = PBXFileReference; fileEncoding = 4; lastKnownFileType = sourcecode.swift; name = PKHUDAnimating.swift; path = PKHUD/PKHUDAnimating.swift; sourceTree = "<group>"; };
		25B336561D74249100DC0F5F /* PKHUDAnimation.swift */ = {isa = PBXFileReference; fileEncoding = 4; lastKnownFileType = sourcecode.swift; name = PKHUDAnimation.swift; path = PKHUD/PKHUDAnimation.swift; sourceTree = "<group>"; };
		25B336571D74249100DC0F5F /* PKHUDAssets.swift */ = {isa = PBXFileReference; fileEncoding = 4; lastKnownFileType = sourcecode.swift; name = PKHUDAssets.swift; path = PKHUD/PKHUDAssets.swift; sourceTree = "<group>"; };
		25B336581D74249100DC0F5F /* PKHUDErrorView.swift */ = {isa = PBXFileReference; fileEncoding = 4; lastKnownFileType = sourcecode.swift; name = PKHUDErrorView.swift; path = PKHUD/PKHUDErrorView.swift; sourceTree = "<group>"; };
		25B336591D74249100DC0F5F /* PKHUDProgressView.swift */ = {isa = PBXFileReference; fileEncoding = 4; lastKnownFileType = sourcecode.swift; name = PKHUDProgressView.swift; path = PKHUD/PKHUDProgressView.swift; sourceTree = "<group>"; };
		25B3365A1D74249100DC0F5F /* PKHUDRotatingImageView.swift */ = {isa = PBXFileReference; fileEncoding = 4; lastKnownFileType = sourcecode.swift; name = PKHUDRotatingImageView.swift; path = PKHUD/PKHUDRotatingImageView.swift; sourceTree = "<group>"; };
		25B3365B1D74249100DC0F5F /* PKHUDSquareBaseView.swift */ = {isa = PBXFileReference; fileEncoding = 4; lastKnownFileType = sourcecode.swift; name = PKHUDSquareBaseView.swift; path = PKHUD/PKHUDSquareBaseView.swift; sourceTree = "<group>"; };
		25B3365C1D74249100DC0F5F /* PKHUDSuccessView.swift */ = {isa = PBXFileReference; fileEncoding = 4; lastKnownFileType = sourcecode.swift; name = PKHUDSuccessView.swift; path = PKHUD/PKHUDSuccessView.swift; sourceTree = "<group>"; };
		25B3365D1D74249100DC0F5F /* PKHUDSystemActivityIndicatorView.swift */ = {isa = PBXFileReference; fileEncoding = 4; lastKnownFileType = sourcecode.swift; name = PKHUDSystemActivityIndicatorView.swift; path = PKHUD/PKHUDSystemActivityIndicatorView.swift; sourceTree = "<group>"; };
		25B3365E1D74249100DC0F5F /* PKHUDTextView.swift */ = {isa = PBXFileReference; fileEncoding = 4; lastKnownFileType = sourcecode.swift; name = PKHUDTextView.swift; path = PKHUD/PKHUDTextView.swift; sourceTree = "<group>"; };
		25B3365F1D74249100DC0F5F /* PKHUDWideBaseView.swift */ = {isa = PBXFileReference; fileEncoding = 4; lastKnownFileType = sourcecode.swift; name = PKHUDWideBaseView.swift; path = PKHUD/PKHUDWideBaseView.swift; sourceTree = "<group>"; };
		25B336601D74249100DC0F5F /* Window.swift */ = {isa = PBXFileReference; fileEncoding = 4; lastKnownFileType = sourcecode.swift; name = Window.swift; path = PKHUD/Window.swift; sourceTree = "<group>"; };
		25B336611D74249100DC0F5F /* WindowRootViewController.swift */ = {isa = PBXFileReference; fileEncoding = 4; lastKnownFileType = sourcecode.swift; name = WindowRootViewController.swift; path = PKHUD/WindowRootViewController.swift; sourceTree = "<group>"; };
		25DC457B1D68AC000084A85A /* AIOwnDemo.app */ = {isa = PBXFileReference; explicitFileType = wrapper.application; includeInIndex = 0; path = AIOwnDemo.app; sourceTree = BUILT_PRODUCTS_DIR; };
		25DC457E1D68AC000084A85A /* AppDelegate.swift */ = {isa = PBXFileReference; lastKnownFileType = sourcecode.swift; path = AppDelegate.swift; sourceTree = "<group>"; };
		25DC45801D68AC000084A85A /* MainViewController.swift */ = {isa = PBXFileReference; lastKnownFileType = sourcecode.swift; path = MainViewController.swift; sourceTree = "<group>"; };
		25DC45831D68AC000084A85A /* Base */ = {isa = PBXFileReference; lastKnownFileType = file.storyboard; name = Base; path = Base.lproj/Main.storyboard; sourceTree = "<group>"; };
		25DC45851D68AC000084A85A /* Assets.xcassets */ = {isa = PBXFileReference; lastKnownFileType = folder.assetcatalog; path = Assets.xcassets; sourceTree = "<group>"; };
		25DC458A1D68AC000084A85A /* Info.plist */ = {isa = PBXFileReference; lastKnownFileType = text.plist.xml; path = Info.plist; sourceTree = "<group>"; };
		25DC458F1D68AC000084A85A /* AIOwnDemoTests.xctest */ = {isa = PBXFileReference; explicitFileType = wrapper.cfbundle; includeInIndex = 0; path = AIOwnDemoTests.xctest; sourceTree = BUILT_PRODUCTS_DIR; };
		25DC45931D68AC000084A85A /* AIOwnDemoTests.swift */ = {isa = PBXFileReference; lastKnownFileType = sourcecode.swift; path = AIOwnDemoTests.swift; sourceTree = "<group>"; };
		25DC45951D68AC000084A85A /* Info.plist */ = {isa = PBXFileReference; lastKnownFileType = text.plist.xml; path = Info.plist; sourceTree = "<group>"; };
		25DC459A1D68AC000084A85A /* AIOwnDemoUITests.xctest */ = {isa = PBXFileReference; explicitFileType = wrapper.cfbundle; includeInIndex = 0; path = AIOwnDemoUITests.xctest; sourceTree = BUILT_PRODUCTS_DIR; };
		25DC459E1D68AC000084A85A /* AIOwnDemoUITests.swift */ = {isa = PBXFileReference; lastKnownFileType = sourcecode.swift; path = AIOwnDemoUITests.swift; sourceTree = "<group>"; };
		25DC45A01D68AC000084A85A /* Info.plist */ = {isa = PBXFileReference; lastKnownFileType = text.plist.xml; path = Info.plist; sourceTree = "<group>"; };
		25DC45B01D68BACD0084A85A /* GuidePageViewController.swift */ = {isa = PBXFileReference; fileEncoding = 4; lastKnownFileType = sourcecode.swift; path = GuidePageViewController.swift; sourceTree = "<group>"; };
		25DC45B21D693FBF0084A85A /* Guide2PageViewcontroller.swift */ = {isa = PBXFileReference; fileEncoding = 4; lastKnownFileType = sourcecode.swift; path = Guide2PageViewcontroller.swift; sourceTree = "<group>"; };
		25DC45B41D694F730084A85A /* LaunchScreen.storyboard */ = {isa = PBXFileReference; fileEncoding = 4; lastKnownFileType = file.storyboard; path = LaunchScreen.storyboard; sourceTree = "<group>"; };
		25DC45B61D695DD10084A85A /* RUIButton.swift */ = {isa = PBXFileReference; fileEncoding = 4; lastKnownFileType = sourcecode.swift; path = RUIButton.swift; sourceTree = "<group>"; };
		25DC45B81D696DD30084A85A /* LastViewController.swift */ = {isa = PBXFileReference; fileEncoding = 4; lastKnownFileType = sourcecode.swift; path = LastViewController.swift; sourceTree = "<group>"; };
		25DC45BC1D69937A0084A85A /* TestViewController.swift */ = {isa = PBXFileReference; fileEncoding = 4; lastKnownFileType = sourcecode.swift; path = TestViewController.swift; sourceTree = "<group>"; };
		25DC45C21D69C0900084A85A /* LauncherViewController.swift */ = {isa = PBXFileReference; fileEncoding = 4; lastKnownFileType = sourcecode.swift; path = LauncherViewController.swift; sourceTree = "<group>"; };
		25DC45C51D69C6B10084A85A /* Common.swift */ = {isa = PBXFileReference; fileEncoding = 4; lastKnownFileType = sourcecode.swift; path = Common.swift; sourceTree = "<group>"; };
		25DC46081D69F2510084A85A /* ArchiverUtils.swift */ = {isa = PBXFileReference; fileEncoding = 4; lastKnownFileType = sourcecode.swift; path = ArchiverUtils.swift; sourceTree = "<group>"; };
		25DC460A1D69F5B70084A85A /* ArchiverPath.swift */ = {isa = PBXFileReference; fileEncoding = 4; lastKnownFileType = sourcecode.swift; path = ArchiverPath.swift; sourceTree = "<group>"; };
		25DC460C1D69F6790084A85A /* NeedGuideBean.swift */ = {isa = PBXFileReference; fileEncoding = 4; lastKnownFileType = sourcecode.swift; path = NeedGuideBean.swift; sourceTree = "<group>"; };
		365C932E6C2269F36EA69A62 /* Pods_AIOwnDemo.framework */ = {isa = PBXFileReference; explicitFileType = wrapper.framework; includeInIndex = 0; path = Pods_AIOwnDemo.framework; sourceTree = BUILT_PRODUCTS_DIR; };
		96A0BF5468C415AC4FC8DA8C /* Pods-AIOwnDemo.debug.xcconfig */ = {isa = PBXFileReference; includeInIndex = 1; lastKnownFileType = text.xcconfig; name = "Pods-AIOwnDemo.debug.xcconfig"; path = "Pods/Target Support Files/Pods-AIOwnDemo/Pods-AIOwnDemo.debug.xcconfig"; sourceTree = "<group>"; };
		A1F68666DCA22B0883A22CAE /* Pods-AIOwnDemo.release.xcconfig */ = {isa = PBXFileReference; includeInIndex = 1; lastKnownFileType = text.xcconfig; name = "Pods-AIOwnDemo.release.xcconfig"; path = "Pods/Target Support Files/Pods-AIOwnDemo/Pods-AIOwnDemo.release.xcconfig"; sourceTree = "<group>"; };
/* End PBXFileReference section */

/* Begin PBXFrameworksBuildPhase section */
		25DC45781D68AC000084A85A /* Frameworks */ = {
			isa = PBXFrameworksBuildPhase;
			buildActionMask = 2147483647;
			files = (
				9873FE1E8E57F19C5DA63155 /* Pods_AIOwnDemo.framework in Frameworks */,
			);
			runOnlyForDeploymentPostprocessing = 0;
		};
		25DC458C1D68AC000084A85A /* Frameworks */ = {
			isa = PBXFrameworksBuildPhase;
			buildActionMask = 2147483647;
			files = (
			);
			runOnlyForDeploymentPostprocessing = 0;
		};
		25DC45971D68AC000084A85A /* Frameworks */ = {
			isa = PBXFrameworksBuildPhase;
			buildActionMask = 2147483647;
			files = (
			);
			runOnlyForDeploymentPostprocessing = 0;
		};
/* End PBXFrameworksBuildPhase section */

/* Begin PBXGroup section */
		252550491D7131E20096168C /* Base */ = {
			isa = PBXGroup;
			children = (
				25B3364A1D74098200DC0F5F /* Github */,
				25B336431D73DDDA00DC0F5F /* BaseView */,
				2525504A1D71320F0096168C /* BaseExtension */,
				25DC45AF1D68BA7A0084A85A /* BaseUtils */,
			);
			name = Base;
			sourceTree = "<group>";
		};
		2525504A1D71320F0096168C /* BaseExtension */ = {
			isa = PBXGroup;
			children = (
				2525504B1D71324D0096168C /* AppDelegateEx.swift */,
				25B335F31D71503000DC0F5F /* BaseViewEx.swift */,
				25B335F51D7153AA00DC0F5F /* NSThraedEx.swift */,
				25B335F71D7154EC00DC0F5F /* GCD.swift */,
			);
			name = BaseExtension;
			sourceTree = "<group>";
		};
		25B336431D73DDDA00DC0F5F /* BaseView */ = {
			isa = PBXGroup;
			children = (
				25B336441D73DE1000DC0F5F /* UIButton+AutoSize.swift */,
				25B336461D73DE2500DC0F5F /* UILabel+AutoSize.swift */,
				25B336481D73DE4500DC0F5F /* UITextField+AutoSize.swift */,
			);
			name = BaseView;
			sourceTree = "<group>";
		};
		25B3364A1D74098200DC0F5F /* Github */ = {
			isa = PBXGroup;
			children = (
				25B3364E1D74236F00DC0F5F /* HUD */,
			);
			name = Github;
			sourceTree = "<group>";
		};
		25B3364E1D74236F00DC0F5F /* HUD */ = {
			isa = PBXGroup;
			children = (
				25B336511D74247D00DC0F5F /* PKHUD */,
				25B3364B1D7409AB00DC0F5F /* JHProgressHUD.swift */,
			);
			name = HUD;
			sourceTree = "<group>";
		};
		25B336511D74247D00DC0F5F /* PKHUD */ = {
			isa = PBXGroup;
			children = (
				25B336521D74249100DC0F5F /* FrameView.swift */,
				25B336531D74249100DC0F5F /* HUD.swift */,
				25B336541D74249100DC0F5F /* PKHUD.swift */,
				25B336551D74249100DC0F5F /* PKHUDAnimating.swift */,
				25B336561D74249100DC0F5F /* PKHUDAnimation.swift */,
				25B336571D74249100DC0F5F /* PKHUDAssets.swift */,
				25B336581D74249100DC0F5F /* PKHUDErrorView.swift */,
				25B336591D74249100DC0F5F /* PKHUDProgressView.swift */,
				25B3365A1D74249100DC0F5F /* PKHUDRotatingImageView.swift */,
				25B3365B1D74249100DC0F5F /* PKHUDSquareBaseView.swift */,
				25B3365C1D74249100DC0F5F /* PKHUDSuccessView.swift */,
				25B3365D1D74249100DC0F5F /* PKHUDSystemActivityIndicatorView.swift */,
				25B3365E1D74249100DC0F5F /* PKHUDTextView.swift */,
				25B3365F1D74249100DC0F5F /* PKHUDWideBaseView.swift */,
				25B336601D74249100DC0F5F /* Window.swift */,
				25B336611D74249100DC0F5F /* WindowRootViewController.swift */,
			);
			name = PKHUD;
			sourceTree = "<group>";
		};
		25DC45721D68AC000084A85A = {
			isa = PBXGroup;
			children = (
				25DC457D1D68AC000084A85A /* AIOwnDemo */,
				25DC45921D68AC000084A85A /* AIOwnDemoTests */,
				25DC459D1D68AC000084A85A /* AIOwnDemoUITests */,
				25DC457C1D68AC000084A85A /* Products */,
				AA9ECF3C1B01B8009832DA79 /* Pods */,
				9B0FBA57EF01C6ABC2C0DF62 /* Frameworks */,
			);
			sourceTree = "<group>";
		};
		25DC457C1D68AC000084A85A /* Products */ = {
			isa = PBXGroup;
			children = (
				25DC457B1D68AC000084A85A /* AIOwnDemo.app */,
				25DC458F1D68AC000084A85A /* AIOwnDemoTests.xctest */,
				25DC459A1D68AC000084A85A /* AIOwnDemoUITests.xctest */,
			);
			name = Products;
			sourceTree = "<group>";
		};
		25DC457D1D68AC000084A85A /* AIOwnDemo */ = {
			isa = PBXGroup;
			children = (
				252550491D7131E20096168C /* Base */,
				25DC45C41D69C68F0084A85A /* Common */,
				25DC45AE1D68BA710084A85A /* Model */,
				25DC45AD1D68BA6C0084A85A /* View */,
				25DC45AC1D68BA630084A85A /* ViewController */,
				25DC457E1D68AC000084A85A /* AppDelegate.swift */,
				25DC45821D68AC000084A85A /* Main.storyboard */,
				25DC45B41D694F730084A85A /* LaunchScreen.storyboard */,
				25DC45851D68AC000084A85A /* Assets.xcassets */,
				25DC458A1D68AC000084A85A /* Info.plist */,
				25B335F11D71404100DC0F5F /* R.generated.swift */,
			);
			path = AIOwnDemo;
			sourceTree = "<group>";
		};
		25DC45921D68AC000084A85A /* AIOwnDemoTests */ = {
			isa = PBXGroup;
			children = (
				25DC45931D68AC000084A85A /* AIOwnDemoTests.swift */,
				25DC45951D68AC000084A85A /* Info.plist */,
			);
			path = AIOwnDemoTests;
			sourceTree = "<group>";
		};
		25DC459D1D68AC000084A85A /* AIOwnDemoUITests */ = {
			isa = PBXGroup;
			children = (
				25DC459E1D68AC000084A85A /* AIOwnDemoUITests.swift */,
				25DC45A01D68AC000084A85A /* Info.plist */,
			);
			path = AIOwnDemoUITests;
			sourceTree = "<group>";
		};
		25DC45AC1D68BA630084A85A /* ViewController */ = {
			isa = PBXGroup;
			children = (
				25DC45B21D693FBF0084A85A /* Guide2PageViewcontroller.swift */,
				25DC45B01D68BACD0084A85A /* GuidePageViewController.swift */,
				25DC45801D68AC000084A85A /* MainViewController.swift */,
				25DC45B81D696DD30084A85A /* LastViewController.swift */,
				25DC45BC1D69937A0084A85A /* TestViewController.swift */,
				25DC45C21D69C0900084A85A /* LauncherViewController.swift */,
				25B3363D1D73226A00DC0F5F /* LoginViewController.swift */,
				25B3363F1D73227800DC0F5F /* RegisterViewController.swift */,
				25B336411D73351F00DC0F5F /* NavLauncherViewController.swift */,
			);
			name = ViewController;
			sourceTree = "<group>";
		};
		25DC45AD1D68BA6C0084A85A /* View */ = {
			isa = PBXGroup;
			children = (
				25DC45B61D695DD10084A85A /* RUIButton.swift */,
			);
			name = View;
			sourceTree = "<group>";
		};
		25DC45AE1D68BA710084A85A /* Model */ = {
			isa = PBXGroup;
			children = (
				25DC460C1D69F6790084A85A /* NeedGuideBean.swift */,
			);
			name = Model;
			sourceTree = "<group>";
		};
		25DC45AF1D68BA7A0084A85A /* BaseUtils */ = {
			isa = PBXGroup;
			children = (
				25DC46081D69F2510084A85A /* ArchiverUtils.swift */,
			);
			name = BaseUtils;
			sourceTree = "<group>";
		};
		25DC45C41D69C68F0084A85A /* Common */ = {
			isa = PBXGroup;
			children = (
				25DC45C51D69C6B10084A85A /* Common.swift */,
				25DC460A1D69F5B70084A85A /* ArchiverPath.swift */,
			);
			name = Common;
			sourceTree = "<group>";
		};
		9B0FBA57EF01C6ABC2C0DF62 /* Frameworks */ = {
			isa = PBXGroup;
			children = (
				365C932E6C2269F36EA69A62 /* Pods_AIOwnDemo.framework */,
			);
			name = Frameworks;
			sourceTree = "<group>";
		};
		AA9ECF3C1B01B8009832DA79 /* Pods */ = {
			isa = PBXGroup;
			children = (
				96A0BF5468C415AC4FC8DA8C /* Pods-AIOwnDemo.debug.xcconfig */,
				A1F68666DCA22B0883A22CAE /* Pods-AIOwnDemo.release.xcconfig */,
			);
			name = Pods;
			sourceTree = "<group>";
		};
/* End PBXGroup section */

/* Begin PBXNativeTarget section */
		25DC457A1D68AC000084A85A /* AIOwnDemo */ = {
			isa = PBXNativeTarget;
			buildConfigurationList = 25DC45A31D68AC000084A85A /* Build configuration list for PBXNativeTarget "AIOwnDemo" */;
			buildPhases = (
				5EAF02F9A88AA2A740A16661 /* [CP] Check Pods Manifest.lock */,
				25B335F01D713F9900DC0F5F /* ShellScript */,
				25DC45771D68AC000084A85A /* Sources */,
				25DC45781D68AC000084A85A /* Frameworks */,
				25DC45791D68AC000084A85A /* Resources */,
				05EE575E0833D45884530C00 /* [CP] Embed Pods Frameworks */,
				8FC40D4BEB9E2FBD26F16C53 /* [CP] Copy Pods Resources */,
			);
			buildRules = (
			);
			dependencies = (
			);
			name = AIOwnDemo;
			productName = AIOwnDemo;
			productReference = 25DC457B1D68AC000084A85A /* AIOwnDemo.app */;
			productType = "com.apple.product-type.application";
		};
		25DC458E1D68AC000084A85A /* AIOwnDemoTests */ = {
			isa = PBXNativeTarget;
			buildConfigurationList = 25DC45A61D68AC000084A85A /* Build configuration list for PBXNativeTarget "AIOwnDemoTests" */;
			buildPhases = (
				25DC458B1D68AC000084A85A /* Sources */,
				25DC458C1D68AC000084A85A /* Frameworks */,
				25DC458D1D68AC000084A85A /* Resources */,
			);
			buildRules = (
			);
			dependencies = (
				25DC45911D68AC000084A85A /* PBXTargetDependency */,
			);
			name = AIOwnDemoTests;
			productName = AIOwnDemoTests;
			productReference = 25DC458F1D68AC000084A85A /* AIOwnDemoTests.xctest */;
			productType = "com.apple.product-type.bundle.unit-test";
		};
		25DC45991D68AC000084A85A /* AIOwnDemoUITests */ = {
			isa = PBXNativeTarget;
			buildConfigurationList = 25DC45A91D68AC000084A85A /* Build configuration list for PBXNativeTarget "AIOwnDemoUITests" */;
			buildPhases = (
				25DC45961D68AC000084A85A /* Sources */,
				25DC45971D68AC000084A85A /* Frameworks */,
				25DC45981D68AC000084A85A /* Resources */,
			);
			buildRules = (
			);
			dependencies = (
				25DC459C1D68AC000084A85A /* PBXTargetDependency */,
			);
			name = AIOwnDemoUITests;
			productName = AIOwnDemoUITests;
			productReference = 25DC459A1D68AC000084A85A /* AIOwnDemoUITests.xctest */;
			productType = "com.apple.product-type.bundle.ui-testing";
		};
/* End PBXNativeTarget section */

/* Begin PBXProject section */
		25DC45731D68AC000084A85A /* Project object */ = {
			isa = PBXProject;
			attributes = {
				LastSwiftUpdateCheck = 0730;
				LastUpgradeCheck = 0730;
				ORGANIZATIONNAME = angcyo;
				TargetAttributes = {
					25DC457A1D68AC000084A85A = {
						CreatedOnToolsVersion = 7.3.1;
						DevelopmentTeam = 3259AD2YTH;
					};
					25DC458E1D68AC000084A85A = {
						CreatedOnToolsVersion = 7.3.1;
						DevelopmentTeam = 3259AD2YTH;
						TestTargetID = 25DC457A1D68AC000084A85A;
					};
					25DC45991D68AC000084A85A = {
						CreatedOnToolsVersion = 7.3.1;
						DevelopmentTeam = 3259AD2YTH;
						TestTargetID = 25DC457A1D68AC000084A85A;
					};
				};
			};
			buildConfigurationList = 25DC45761D68AC000084A85A /* Build configuration list for PBXProject "AIOwnDemo" */;
			compatibilityVersion = "Xcode 3.2";
			developmentRegion = English;
			hasScannedForEncodings = 0;
			knownRegions = (
				en,
				Base,
			);
			mainGroup = 25DC45721D68AC000084A85A;
			productRefGroup = 25DC457C1D68AC000084A85A /* Products */;
			projectDirPath = "";
			projectRoot = "";
			targets = (
				25DC457A1D68AC000084A85A /* AIOwnDemo */,
				25DC458E1D68AC000084A85A /* AIOwnDemoTests */,
				25DC45991D68AC000084A85A /* AIOwnDemoUITests */,
			);
		};
/* End PBXProject section */

/* Begin PBXResourcesBuildPhase section */
		25DC45791D68AC000084A85A /* Resources */ = {
			isa = PBXResourcesBuildPhase;
			buildActionMask = 2147483647;
			files = (
				25DC45B51D694F730084A85A /* LaunchScreen.storyboard in Resources */,
				25DC45861D68AC000084A85A /* Assets.xcassets in Resources */,
				25DC45841D68AC000084A85A /* Main.storyboard in Resources */,
			);
			runOnlyForDeploymentPostprocessing = 0;
		};
		25DC458D1D68AC000084A85A /* Resources */ = {
			isa = PBXResourcesBuildPhase;
			buildActionMask = 2147483647;
			files = (
			);
			runOnlyForDeploymentPostprocessing = 0;
		};
		25DC45981D68AC000084A85A /* Resources */ = {
			isa = PBXResourcesBuildPhase;
			buildActionMask = 2147483647;
			files = (
			);
			runOnlyForDeploymentPostprocessing = 0;
		};
/* End PBXResourcesBuildPhase section */

/* Begin PBXShellScriptBuildPhase section */
		05EE575E0833D45884530C00 /* [CP] Embed Pods Frameworks */ = {
			isa = PBXShellScriptBuildPhase;
			buildActionMask = 2147483647;
			files = (
			);
			inputPaths = (
			);
			name = "[CP] Embed Pods Frameworks";
			outputPaths = (
			);
			runOnlyForDeploymentPostprocessing = 0;
			shellPath = /bin/sh;
			shellScript = "\"${SRCROOT}/Pods/Target Support Files/Pods-AIOwnDemo/Pods-AIOwnDemo-frameworks.sh\"\n";
			showEnvVarsInLog = 0;
		};
		25B335F01D713F9900DC0F5F /* ShellScript */ = {
			isa = PBXShellScriptBuildPhase;
			buildActionMask = 2147483647;
			files = (
			);
			inputPaths = (
			);
			outputPaths = (
			);
			runOnlyForDeploymentPostprocessing = 0;
			shellPath = /bin/sh;
			shellScript = "\"$PODS_ROOT/R.swift/rswift\" \"$SRCROOT\"";
		};
		5EAF02F9A88AA2A740A16661 /* [CP] Check Pods Manifest.lock */ = {
			isa = PBXShellScriptBuildPhase;
			buildActionMask = 2147483647;
			files = (
			);
			inputPaths = (
			);
			name = "[CP] Check Pods Manifest.lock";
			outputPaths = (
			);
			runOnlyForDeploymentPostprocessing = 0;
			shellPath = /bin/sh;
			shellScript = "diff \"${PODS_ROOT}/../Podfile.lock\" \"${PODS_ROOT}/Manifest.lock\" > /dev/null\nif [[ $? != 0 ]] ; then\n    cat << EOM\nerror: The sandbox is not in sync with the Podfile.lock. Run 'pod install' or update your CocoaPods installation.\nEOM\n    exit 1\nfi\n";
			showEnvVarsInLog = 0;
		};
		8FC40D4BEB9E2FBD26F16C53 /* [CP] Copy Pods Resources */ = {
			isa = PBXShellScriptBuildPhase;
			buildActionMask = 2147483647;
			files = (
			);
			inputPaths = (
			);
			name = "[CP] Copy Pods Resources";
			outputPaths = (
			);
			runOnlyForDeploymentPostprocessing = 0;
			shellPath = /bin/sh;
			shellScript = "\"${SRCROOT}/Pods/Target Support Files/Pods-AIOwnDemo/Pods-AIOwnDemo-resources.sh\"\n";
			showEnvVarsInLog = 0;
		};
/* End PBXShellScriptBuildPhase section */

/* Begin PBXSourcesBuildPhase section */
		25DC45771D68AC000084A85A /* Sources */ = {
			isa = PBXSourcesBuildPhase;
			buildActionMask = 2147483647;
			files = (
				25B336661D74249100DC0F5F /* PKHUDAnimation.swift in Sources */,
				25B3366B1D74249100DC0F5F /* PKHUDSquareBaseView.swift in Sources */,
				25B3363E1D73226A00DC0F5F /* LoginViewController.swift in Sources */,
				25DC46091D69F2510084A85A /* ArchiverUtils.swift in Sources */,
				25B336711D74249100DC0F5F /* WindowRootViewController.swift in Sources */,
				25DC45C31D69C0900084A85A /* LauncherViewController.swift in Sources */,
				25B335F21D71404100DC0F5F /* R.generated.swift in Sources */,
				25B3366A1D74249100DC0F5F /* PKHUDRotatingImageView.swift in Sources */,
				25B336401D73227800DC0F5F /* RegisterViewController.swift in Sources */,
				25DC460B1D69F5B70084A85A /* ArchiverPath.swift in Sources */,
				25B3366E1D74249100DC0F5F /* PKHUDTextView.swift in Sources */,
				25B3364C1D7409AB00DC0F5F /* JHProgressHUD.swift in Sources */,
				25B3366C1D74249100DC0F5F /* PKHUDSuccessView.swift in Sources */,
				25B336631D74249100DC0F5F /* HUD.swift in Sources */,
				25DC45BD1D69937A0084A85A /* TestViewController.swift in Sources */,
				25B336701D74249100DC0F5F /* Window.swift in Sources */,
				25B336491D73DE4500DC0F5F /* UITextField+AutoSize.swift in Sources */,
				25DC45811D68AC000084A85A /* MainViewController.swift in Sources */,
				25B336421D73351F00DC0F5F /* NavLauncherViewController.swift in Sources */,
				25B336681D74249100DC0F5F /* PKHUDErrorView.swift in Sources */,
				25B336671D74249100DC0F5F /* PKHUDAssets.swift in Sources */,
				25B335F81D7154EC00DC0F5F /* GCD.swift in Sources */,
				25DC45B71D695DD10084A85A /* RUIButton.swift in Sources */,
				25DC460D1D69F6790084A85A /* NeedGuideBean.swift in Sources */,
				2525504C1D71324D0096168C /* AppDelegateEx.swift in Sources */,
				25DC45B11D68BACD0084A85A /* GuidePageViewController.swift in Sources */,
				25B3366D1D74249100DC0F5F /* PKHUDSystemActivityIndicatorView.swift in Sources */,
				25DC45B31D693FBF0084A85A /* Guide2PageViewcontroller.swift in Sources */,
				25DC45B91D696DD30084A85A /* LastViewController.swift in Sources */,
				25B336651D74249100DC0F5F /* PKHUDAnimating.swift in Sources */,
				25B336641D74249100DC0F5F /* PKHUD.swift in Sources */,
				25B336471D73DE2500DC0F5F /* UILabel+AutoSize.swift in Sources */,
				25DC457F1D68AC000084A85A /* AppDelegate.swift in Sources */,
				25DC45C61D69C6B10084A85A /* Common.swift in Sources */,
				25B335F41D71503000DC0F5F /* BaseViewEx.swift in Sources */,
				25B336451D73DE1000DC0F5F /* UIButton+AutoSize.swift in Sources */,
				25B336621D74249100DC0F5F /* FrameView.swift in Sources */,
				25B3366F1D74249100DC0F5F /* PKHUDWideBaseView.swift in Sources */,
				25B336691D74249100DC0F5F /* PKHUDProgressView.swift in Sources */,
				25B335F61D7153AA00DC0F5F /* NSThraedEx.swift in Sources */,
			);
			runOnlyForDeploymentPostprocessing = 0;
		};
		25DC458B1D68AC000084A85A /* Sources */ = {
			isa = PBXSourcesBuildPhase;
			buildActionMask = 2147483647;
			files = (
				25DC45941D68AC000084A85A /* AIOwnDemoTests.swift in Sources */,
			);
			runOnlyForDeploymentPostprocessing = 0;
		};
		25DC45961D68AC000084A85A /* Sources */ = {
			isa = PBXSourcesBuildPhase;
			buildActionMask = 2147483647;
			files = (
				25DC459F1D68AC000084A85A /* AIOwnDemoUITests.swift in Sources */,
			);
			runOnlyForDeploymentPostprocessing = 0;
		};
/* End PBXSourcesBuildPhase section */

/* Begin PBXTargetDependency section */
		25DC45911D68AC000084A85A /* PBXTargetDependency */ = {
			isa = PBXTargetDependency;
			target = 25DC457A1D68AC000084A85A /* AIOwnDemo */;
			targetProxy = 25DC45901D68AC000084A85A /* PBXContainerItemProxy */;
		};
		25DC459C1D68AC000084A85A /* PBXTargetDependency */ = {
			isa = PBXTargetDependency;
			target = 25DC457A1D68AC000084A85A /* AIOwnDemo */;
			targetProxy = 25DC459B1D68AC000084A85A /* PBXContainerItemProxy */;
		};
/* End PBXTargetDependency section */

/* Begin PBXVariantGroup section */
		25DC45821D68AC000084A85A /* Main.storyboard */ = {
			isa = PBXVariantGroup;
			children = (
				25DC45831D68AC000084A85A /* Base */,
			);
			name = Main.storyboard;
			sourceTree = "<group>";
		};
/* End PBXVariantGroup section */

/* Begin XCBuildConfiguration section */
		25DC45A11D68AC000084A85A /* Debug */ = {
			isa = XCBuildConfiguration;
			buildSettings = {
				ALWAYS_SEARCH_USER_PATHS = NO;
				CLANG_ANALYZER_NONNULL = YES;
				CLANG_CXX_LANGUAGE_STANDARD = "gnu++0x";
				CLANG_CXX_LIBRARY = "libc++";
				CLANG_ENABLE_MODULES = YES;
				CLANG_ENABLE_OBJC_ARC = YES;
				CLANG_WARN_BOOL_CONVERSION = YES;
				CLANG_WARN_CONSTANT_CONVERSION = YES;
				CLANG_WARN_DIRECT_OBJC_ISA_USAGE = YES_ERROR;
				CLANG_WARN_EMPTY_BODY = YES;
				CLANG_WARN_ENUM_CONVERSION = YES;
				CLANG_WARN_INT_CONVERSION = YES;
				CLANG_WARN_OBJC_ROOT_CLASS = YES_ERROR;
				CLANG_WARN_UNREACHABLE_CODE = YES;
				CLANG_WARN__DUPLICATE_METHOD_MATCH = YES;
				"CODE_SIGN_IDENTITY[sdk=iphoneos*]" = "iPhone Developer";
				COPY_PHASE_STRIP = NO;
				DEBUG_INFORMATION_FORMAT = dwarf;
				ENABLE_STRICT_OBJC_MSGSEND = YES;
				ENABLE_TESTABILITY = YES;
				GCC_C_LANGUAGE_STANDARD = gnu99;
				GCC_DYNAMIC_NO_PIC = NO;
				GCC_NO_COMMON_BLOCKS = YES;
				GCC_OPTIMIZATION_LEVEL = 0;
				GCC_PREPROCESSOR_DEFINITIONS = (
					"DEBUG=1",
					"$(inherited)",
				);
				GCC_WARN_64_TO_32_BIT_CONVERSION = YES;
				GCC_WARN_ABOUT_RETURN_TYPE = YES_ERROR;
				GCC_WARN_UNDECLARED_SELECTOR = YES;
				GCC_WARN_UNINITIALIZED_AUTOS = YES_AGGRESSIVE;
				GCC_WARN_UNUSED_FUNCTION = YES;
				GCC_WARN_UNUSED_VARIABLE = YES;
				IPHONEOS_DEPLOYMENT_TARGET = 9.3;
				MTL_ENABLE_DEBUG_INFO = YES;
				ONLY_ACTIVE_ARCH = YES;
				SDKROOT = iphoneos;
				SWIFT_OPTIMIZATION_LEVEL = "-Onone";
			};
			name = Debug;
		};
		25DC45A21D68AC000084A85A /* Release */ = {
			isa = XCBuildConfiguration;
			buildSettings = {
				ALWAYS_SEARCH_USER_PATHS = NO;
				CLANG_ANALYZER_NONNULL = YES;
				CLANG_CXX_LANGUAGE_STANDARD = "gnu++0x";
				CLANG_CXX_LIBRARY = "libc++";
				CLANG_ENABLE_MODULES = YES;
				CLANG_ENABLE_OBJC_ARC = YES;
				CLANG_WARN_BOOL_CONVERSION = YES;
				CLANG_WARN_CONSTANT_CONVERSION = YES;
				CLANG_WARN_DIRECT_OBJC_ISA_USAGE = YES_ERROR;
				CLANG_WARN_EMPTY_BODY = YES;
				CLANG_WARN_ENUM_CONVERSION = YES;
				CLANG_WARN_INT_CONVERSION = YES;
				CLANG_WARN_OBJC_ROOT_CLASS = YES_ERROR;
				CLANG_WARN_UNREACHABLE_CODE = YES;
				CLANG_WARN__DUPLICATE_METHOD_MATCH = YES;
				"CODE_SIGN_IDENTITY[sdk=iphoneos*]" = "iPhone Developer";
				COPY_PHASE_STRIP = NO;
				DEBUG_INFORMATION_FORMAT = "dwarf-with-dsym";
				ENABLE_NS_ASSERTIONS = NO;
				ENABLE_STRICT_OBJC_MSGSEND = YES;
				GCC_C_LANGUAGE_STANDARD = gnu99;
				GCC_NO_COMMON_BLOCKS = YES;
				GCC_WARN_64_TO_32_BIT_CONVERSION = YES;
				GCC_WARN_ABOUT_RETURN_TYPE = YES_ERROR;
				GCC_WARN_UNDECLARED_SELECTOR = YES;
				GCC_WARN_UNINITIALIZED_AUTOS = YES_AGGRESSIVE;
				GCC_WARN_UNUSED_FUNCTION = YES;
				GCC_WARN_UNUSED_VARIABLE = YES;
				IPHONEOS_DEPLOYMENT_TARGET = 9.3;
				MTL_ENABLE_DEBUG_INFO = NO;
				SDKROOT = iphoneos;
				VALIDATE_PRODUCT = YES;
			};
			name = Release;
		};
		25DC45A41D68AC000084A85A /* Debug */ = {
			isa = XCBuildConfiguration;
			baseConfigurationReference = 96A0BF5468C415AC4FC8DA8C /* Pods-AIOwnDemo.debug.xcconfig */;
			buildSettings = {
				ASSETCATALOG_COMPILER_APPICON_NAME = AppIcon;
				INFOPLIST_FILE = AIOwnDemo/Info.plist;
				LD_RUNPATH_SEARCH_PATHS = "$(inherited) @executable_path/Frameworks";
				PRODUCT_BUNDLE_IDENTIFIER = com.angcyo.AIOwnDemo;
				PRODUCT_NAME = "$(TARGET_NAME)";
			};
			name = Debug;
		};
		25DC45A51D68AC000084A85A /* Release */ = {
			isa = XCBuildConfiguration;
			baseConfigurationReference = A1F68666DCA22B0883A22CAE /* Pods-AIOwnDemo.release.xcconfig */;
			buildSettings = {
				ASSETCATALOG_COMPILER_APPICON_NAME = AppIcon;
				INFOPLIST_FILE = AIOwnDemo/Info.plist;
				LD_RUNPATH_SEARCH_PATHS = "$(inherited) @executable_path/Frameworks";
				PRODUCT_BUNDLE_IDENTIFIER = com.angcyo.AIOwnDemo;
				PRODUCT_NAME = "$(TARGET_NAME)";
			};
			name = Release;
		};
		25DC45A71D68AC000084A85A /* Debug */ = {
			isa = XCBuildConfiguration;
			buildSettings = {
				BUNDLE_LOADER = "$(TEST_HOST)";
				INFOPLIST_FILE = AIOwnDemoTests/Info.plist;
				LD_RUNPATH_SEARCH_PATHS = "$(inherited) @executable_path/Frameworks @loader_path/Frameworks";
				PRODUCT_BUNDLE_IDENTIFIER = com.angcyo.AIOwnDemoTests;
				PRODUCT_NAME = "$(TARGET_NAME)";
				TEST_HOST = "$(BUILT_PRODUCTS_DIR)/AIOwnDemo.app/AIOwnDemo";
			};
			name = Debug;
		};
		25DC45A81D68AC000084A85A /* Release */ = {
			isa = XCBuildConfiguration;
			buildSettings = {
				BUNDLE_LOADER = "$(TEST_HOST)";
				INFOPLIST_FILE = AIOwnDemoTests/Info.plist;
				LD_RUNPATH_SEARCH_PATHS = "$(inherited) @executable_path/Frameworks @loader_path/Frameworks";
				PRODUCT_BUNDLE_IDENTIFIER = com.angcyo.AIOwnDemoTests;
				PRODUCT_NAME = "$(TARGET_NAME)";
				TEST_HOST = "$(BUILT_PRODUCTS_DIR)/AIOwnDemo.app/AIOwnDemo";
			};
			name = Release;
		};
		25DC45AA1D68AC000084A85A /* Debug */ = {
			isa = XCBuildConfiguration;
			buildSettings = {
				INFOPLIST_FILE = AIOwnDemoUITests/Info.plist;
				LD_RUNPATH_SEARCH_PATHS = "$(inherited) @executable_path/Frameworks @loader_path/Frameworks";
				PRODUCT_BUNDLE_IDENTIFIER = com.angcyo.AIOwnDemoUITests;
				PRODUCT_NAME = "$(TARGET_NAME)";
				TEST_TARGET_NAME = AIOwnDemo;
			};
			name = Debug;
		};
		25DC45AB1D68AC000084A85A /* Release */ = {
			isa = XCBuildConfiguration;
			buildSettings = {
				INFOPLIST_FILE = AIOwnDemoUITests/Info.plist;
				LD_RUNPATH_SEARCH_PATHS = "$(inherited) @executable_path/Frameworks @loader_path/Frameworks";
				PRODUCT_BUNDLE_IDENTIFIER = com.angcyo.AIOwnDemoUITests;
				PRODUCT_NAME = "$(TARGET_NAME)";
				TEST_TARGET_NAME = AIOwnDemo;
			};
			name = Release;
		};
/* End XCBuildConfiguration section */

/* Begin XCConfigurationList section */
		25DC45761D68AC000084A85A /* Build configuration list for PBXProject "AIOwnDemo" */ = {
			isa = XCConfigurationList;
			buildConfigurations = (
				25DC45A11D68AC000084A85A /* Debug */,
				25DC45A21D68AC000084A85A /* Release */,
			);
			defaultConfigurationIsVisible = 0;
			defaultConfigurationName = Release;
		};
		25DC45A31D68AC000084A85A /* Build configuration list for PBXNativeTarget "AIOwnDemo" */ = {
			isa = XCConfigurationList;
			buildConfigurations = (
				25DC45A41D68AC000084A85A /* Debug */,
				25DC45A51D68AC000084A85A /* Release */,
			);
			defaultConfigurationIsVisible = 0;
			defaultConfigurationName = Release;
		};
		25DC45A61D68AC000084A85A /* Build configuration list for PBXNativeTarget "AIOwnDemoTests" */ = {
			isa = XCConfigurationList;
			buildConfigurations = (
				25DC45A71D68AC000084A85A /* Debug */,
				25DC45A81D68AC000084A85A /* Release */,
			);
			defaultConfigurationIsVisible = 0;
			defaultConfigurationName = Release;
		};
		25DC45A91D68AC000084A85A /* Build configuration list for PBXNativeTarget "AIOwnDemoUITests" */ = {
			isa = XCConfigurationList;
			buildConfigurations = (
				25DC45AA1D68AC000084A85A /* Debug */,
				25DC45AB1D68AC000084A85A /* Release */,
			);
			defaultConfigurationIsVisible = 0;
			defaultConfigurationName = Release;
		};
/* End XCConfigurationList section */
	};
	rootObject = 25DC45731D68AC000084A85A /* Project object */;
}
